
Microsoft Visual Studio Solution File, Format Version 12.00
# Visual Studio Version 17
VisualStudioVersion = 17.11.35312.102
MinimumVisualStudioVersion = 10.0.40219.1
Project("{8BC9CEB8-8B4A-11D0-8D11-00A0C91BC942}") = "30-10-praktikum", "30-10-praktikum.vcxproj", "{22F50B45-C805-47BC-9BD7-D7E93CB12A2C}"
EndProject
Global
	GlobalSection(SolutionConfigurationPlatforms) = preSolution
		Debug|x64 = Debug|x64
		Debug|x86 = Debug|x86
		Release|x64 = Release|x64
		Release|x86 = Release|x86
	EndGlobalSection
	GlobalSection(ProjectConfigurationPlatforms) = postSolution
		{22F50B45-C805-47BC-9BD7-D7E93CB12A2C}.Debug|x64.ActiveCfg = Debug|x64
		{22F50B45-C805-47BC-9BD7-D7E93CB12A2C}.Debug|x64.Build.0 = Debug|x64
		{22F50B45-C805-47BC-9BD7-D7E93CB12A2C}.Debug|x86.ActiveCfg = Debug|Win32
		{22F50B45-C805-47BC-9BD7-D7E93CB12A2C}.Debug|x86.Build.0 = Debug|Win32
		{22F50B45-C805-47BC-9BD7-D7E93CB12A2C}.Release|x64.ActiveCfg = Release|x64
		{22F50B45-C805-47BC-9BD7-D7E93CB12A2C}.Release|x64.Build.0 = Release|x64
		{22F50B45-C805-47BC-9BD7-D7E93CB12A2C}.Release|x86.ActiveCfg = Release|Win32
		{22F50B45-C805-47BC-9BD7-D7E93CB12A2C}.Release|x86.Build.0 = Release|Win32
	EndGlobalSection
	GlobalSection(SolutionProperties) = preSolution
		HideSolutionNode = FALSE
	EndGlobalSection
	GlobalSection(ExtensibilityGlobals) = postSolution
		SolutionGuid = {06671999-60AC-4492-8D35-19EDE4C8C48D}
	EndGlobalSection
EndGlobal
