
Microsoft Visual Studio Solution File, Format Version 12.00
# Visual Studio Version 17
VisualStudioVersion = 17.11.35312.102
MinimumVisualStudioVersion = 10.0.40219.1
Project("{8BC9CEB8-8B4A-11D0-8D11-00A0C91BC942}") = "27-11-pact", "27-11-pact.vcxproj", "{6A1B4516-8384-4BB8-A879-D6317FAAC30B}"
EndProject
Global
	GlobalSection(SolutionConfigurationPlatforms) = preSolution
		Debug|x64 = Debug|x64
		Debug|x86 = Debug|x86
		Release|x64 = Release|x64
		Release|x86 = Release|x86
	EndGlobalSection
	GlobalSection(ProjectConfigurationPlatforms) = postSolution
		{6A1B4516-8384-4BB8-A879-D6317FAAC30B}.Debug|x64.ActiveCfg = Debug|x64
		{6A1B4516-8384-4BB8-A879-D6317FAAC30B}.Debug|x64.Build.0 = Debug|x64
		{6A1B4516-8384-4BB8-A879-D6317FAAC30B}.Debug|x86.ActiveCfg = Debug|Win32
		{6A1B4516-8384-4BB8-A879-D6317FAAC30B}.Debug|x86.Build.0 = Debug|Win32
		{6A1B4516-8384-4BB8-A879-D6317FAAC30B}.Release|x64.ActiveCfg = Release|x64
		{6A1B4516-8384-4BB8-A879-D6317FAAC30B}.Release|x64.Build.0 = Release|x64
		{6A1B4516-8384-4BB8-A879-D6317FAAC30B}.Release|x86.ActiveCfg = Release|Win32
		{6A1B4516-8384-4BB8-A879-D6317FAAC30B}.Release|x86.Build.0 = Release|Win32
	EndGlobalSection
	GlobalSection(SolutionProperties) = preSolution
		HideSolutionNode = FALSE
	EndGlobalSection
	GlobalSection(ExtensibilityGlobals) = postSolution
		SolutionGuid = {8716435C-58DF-4F34-A994-B52B65ECE26B}
	EndGlobalSection
EndGlobal
