
Microsoft Visual Studio Solution File, Format Version 12.00
# Visual Studio Version 17
VisualStudioVersion = 17.11.35312.102
MinimumVisualStudioVersion = 10.0.40219.1
Project("{8BC9CEB8-8B4A-11D0-8D11-00A0C91BC942}") = "6.11-pract", "6.11-pract.vcxproj", "{E8AF9EEA-B47D-4805-AE5E-2BE78ABABA13}"
EndProject
Global
	GlobalSection(SolutionConfigurationPlatforms) = preSolution
		Debug|x64 = Debug|x64
		Debug|x86 = Debug|x86
		Release|x64 = Release|x64
		Release|x86 = Release|x86
	EndGlobalSection
	GlobalSection(ProjectConfigurationPlatforms) = postSolution
		{E8AF9EEA-B47D-4805-AE5E-2BE78ABABA13}.Debug|x64.ActiveCfg = Debug|x64
		{E8AF9EEA-B47D-4805-AE5E-2BE78ABABA13}.Debug|x64.Build.0 = Debug|x64
		{E8AF9EEA-B47D-4805-AE5E-2BE78ABABA13}.Debug|x86.ActiveCfg = Debug|Win32
		{E8AF9EEA-B47D-4805-AE5E-2BE78ABABA13}.Debug|x86.Build.0 = Debug|Win32
		{E8AF9EEA-B47D-4805-AE5E-2BE78ABABA13}.Release|x64.ActiveCfg = Release|x64
		{E8AF9EEA-B47D-4805-AE5E-2BE78ABABA13}.Release|x64.Build.0 = Release|x64
		{E8AF9EEA-B47D-4805-AE5E-2BE78ABABA13}.Release|x86.ActiveCfg = Release|Win32
		{E8AF9EEA-B47D-4805-AE5E-2BE78ABABA13}.Release|x86.Build.0 = Release|Win32
	EndGlobalSection
	GlobalSection(SolutionProperties) = preSolution
		HideSolutionNode = FALSE
	EndGlobalSection
	GlobalSection(ExtensibilityGlobals) = postSolution
		SolutionGuid = {337C7901-D18D-4EE8-8F77-C56F6B23F335}
	EndGlobalSection
EndGlobal
